
Microsoft Visual Studio Solution File, Format Version 11.00
# Visual Studio 2010
Project("{FAE04EC0-301F-11D3-BF4B-00C04F79EFBC}") = "DictionaryGenericDemo", "DictionaryGenericDemo\DictionaryGenericDemo.csproj", "{74BC7925-6796-46C4-A70C-BCF75C36243A}"
EndProject
Project("{FAE04EC0-301F-11D3-BF4B-00C04F79EFBC}") = "ListGenericDemo", "ListGenericDemo\ListGenericDemo.csproj", "{05DE65A5-31A7-492C-B9A9-3374807CD25A}"
EndProject
Global
	GlobalSection(SolutionConfigurationPlatforms) = preSolution
		Debug|Any CPU = Debug|Any CPU
		Debug|Mixed Platforms = Debug|Mixed Platforms
		Debug|x86 = Debug|x86
		Release|Any CPU = Release|Any CPU
		Release|Mixed Platforms = Release|Mixed Platforms
		Release|x86 = Release|x86
	EndGlobalSection
	GlobalSection(ProjectConfigurationPlatforms) = postSolution
		{74BC7925-6796-46C4-A70C-BCF75C36243A}.Debug|Any CPU.ActiveCfg = Debug|Any CPU
		{74BC7925-6796-46C4-A70C-BCF75C36243A}.Debug|Any CPU.Build.0 = Debug|Any CPU
		{74BC7925-6796-46C4-A70C-BCF75C36243A}.Debug|Mixed Platforms.ActiveCfg = Debug|Any CPU
		{74BC7925-6796-46C4-A70C-BCF75C36243A}.Debug|Mixed Platforms.Build.0 = Debug|Any CPU
		{74BC7925-6796-46C4-A70C-BCF75C36243A}.Debug|x86.ActiveCfg = Debug|Any CPU
		{74BC7925-6796-46C4-A70C-BCF75C36243A}.Release|Any CPU.ActiveCfg = Release|Any CPU
		{74BC7925-6796-46C4-A70C-BCF75C36243A}.Release|Any CPU.Build.0 = Release|Any CPU
		{74BC7925-6796-46C4-A70C-BCF75C36243A}.Release|Mixed Platforms.ActiveCfg = Release|Any CPU
		{74BC7925-6796-46C4-A70C-BCF75C36243A}.Release|Mixed Platforms.Build.0 = Release|Any CPU
		{74BC7925-6796-46C4-A70C-BCF75C36243A}.Release|x86.ActiveCfg = Release|Any CPU
		{05DE65A5-31A7-492C-B9A9-3374807CD25A}.Debug|Any CPU.ActiveCfg = Debug|Any CPU
		{05DE65A5-31A7-492C-B9A9-3374807CD25A}.Debug|Any CPU.Build.0 = Debug|Any CPU
		{05DE65A5-31A7-492C-B9A9-3374807CD25A}.Debug|Mixed Platforms.ActiveCfg = Debug|Any CPU
		{05DE65A5-31A7-492C-B9A9-3374807CD25A}.Debug|Mixed Platforms.Build.0 = Debug|Any CPU
		{05DE65A5-31A7-492C-B9A9-3374807CD25A}.Debug|x86.ActiveCfg = Debug|Any CPU
		{05DE65A5-31A7-492C-B9A9-3374807CD25A}.Release|Any CPU.ActiveCfg = Release|Any CPU
		{05DE65A5-31A7-492C-B9A9-3374807CD25A}.Release|Any CPU.Build.0 = Release|Any CPU
		{05DE65A5-31A7-492C-B9A9-3374807CD25A}.Release|Mixed Platforms.ActiveCfg = Release|Any CPU
		{05DE65A5-31A7-492C-B9A9-3374807CD25A}.Release|Mixed Platforms.Build.0 = Release|Any CPU
		{05DE65A5-31A7-492C-B9A9-3374807CD25A}.Release|x86.ActiveCfg = Release|Any CPU
	EndGlobalSection
	GlobalSection(SolutionProperties) = preSolution
		HideSolutionNode = FALSE
	EndGlobalSection
EndGlobal
