
Microsoft Visual Studio Solution File, Format Version 11.00
# Visual Studio 2010
Project("{FAE04EC0-301F-11D3-BF4B-00C04F79EFBC}") = "FormLayoutDemo", "FormLayoutDemo\FormLayoutDemo.csproj", "{11DA8B6A-520A-40E2-9537-E21DA1242CF6}"
EndProject
Global
	GlobalSection(SolutionConfigurationPlatforms) = preSolution
		Debug|x86 = Debug|x86
		Release|x86 = Release|x86
	EndGlobalSection
	GlobalSection(ProjectConfigurationPlatforms) = postSolution
		{11DA8B6A-520A-40E2-9537-E21DA1242CF6}.Debug|x86.ActiveCfg = Debug|x86
		{11DA8B6A-520A-40E2-9537-E21DA1242CF6}.Debug|x86.Build.0 = Debug|x86
		{11DA8B6A-520A-40E2-9537-E21DA1242CF6}.Release|x86.ActiveCfg = Release|x86
		{11DA8B6A-520A-40E2-9537-E21DA1242CF6}.Release|x86.Build.0 = Release|x86
	EndGlobalSection
	GlobalSection(SolutionProperties) = preSolution
		HideSolutionNode = FALSE
	EndGlobalSection
EndGlobal
