
Microsoft Visual Studio Solution File, Format Version 11.00
# Visual Studio 2010
Project("{FAE04EC0-301F-11D3-BF4B-00C04F79EFBC}") = "CollectionsDemo", "CollectionsDemo\CollectionsDemo.csproj", "{921AFA10-6714-4FB6-BC15-D774FAEEC775}"
EndProject
Project("{FAE04EC0-301F-11D3-BF4B-00C04F79EFBC}") = "SimpleCollections", "SimpleCollections\SimpleCollections.csproj", "{31E7A99E-3DB6-4DD4-8BE0-B3FE8F21E3B1}"
EndProject
Global
	GlobalSection(SolutionConfigurationPlatforms) = preSolution
		Debug|Any CPU = Debug|Any CPU
		Debug|Mixed Platforms = Debug|Mixed Platforms
		Debug|x86 = Debug|x86
		Release|Any CPU = Release|Any CPU
		Release|Mixed Platforms = Release|Mixed Platforms
		Release|x86 = Release|x86
	EndGlobalSection
	GlobalSection(ProjectConfigurationPlatforms) = postSolution
		{921AFA10-6714-4FB6-BC15-D774FAEEC775}.Debug|Any CPU.ActiveCfg = Debug|x86
		{921AFA10-6714-4FB6-BC15-D774FAEEC775}.Debug|Mixed Platforms.ActiveCfg = Debug|x86
		{921AFA10-6714-4FB6-BC15-D774FAEEC775}.Debug|Mixed Platforms.Build.0 = Debug|x86
		{921AFA10-6714-4FB6-BC15-D774FAEEC775}.Debug|x86.ActiveCfg = Debug|x86
		{921AFA10-6714-4FB6-BC15-D774FAEEC775}.Debug|x86.Build.0 = Debug|x86
		{921AFA10-6714-4FB6-BC15-D774FAEEC775}.Release|Any CPU.ActiveCfg = Release|x86
		{921AFA10-6714-4FB6-BC15-D774FAEEC775}.Release|Mixed Platforms.ActiveCfg = Release|x86
		{921AFA10-6714-4FB6-BC15-D774FAEEC775}.Release|Mixed Platforms.Build.0 = Release|x86
		{921AFA10-6714-4FB6-BC15-D774FAEEC775}.Release|x86.ActiveCfg = Release|x86
		{921AFA10-6714-4FB6-BC15-D774FAEEC775}.Release|x86.Build.0 = Release|x86
		{31E7A99E-3DB6-4DD4-8BE0-B3FE8F21E3B1}.Debug|Any CPU.ActiveCfg = Debug|Any CPU
		{31E7A99E-3DB6-4DD4-8BE0-B3FE8F21E3B1}.Debug|Any CPU.Build.0 = Debug|Any CPU
		{31E7A99E-3DB6-4DD4-8BE0-B3FE8F21E3B1}.Debug|Mixed Platforms.ActiveCfg = Debug|Any CPU
		{31E7A99E-3DB6-4DD4-8BE0-B3FE8F21E3B1}.Debug|Mixed Platforms.Build.0 = Debug|Any CPU
		{31E7A99E-3DB6-4DD4-8BE0-B3FE8F21E3B1}.Debug|x86.ActiveCfg = Debug|Any CPU
		{31E7A99E-3DB6-4DD4-8BE0-B3FE8F21E3B1}.Release|Any CPU.ActiveCfg = Release|Any CPU
		{31E7A99E-3DB6-4DD4-8BE0-B3FE8F21E3B1}.Release|Any CPU.Build.0 = Release|Any CPU
		{31E7A99E-3DB6-4DD4-8BE0-B3FE8F21E3B1}.Release|Mixed Platforms.ActiveCfg = Release|Any CPU
		{31E7A99E-3DB6-4DD4-8BE0-B3FE8F21E3B1}.Release|Mixed Platforms.Build.0 = Release|Any CPU
		{31E7A99E-3DB6-4DD4-8BE0-B3FE8F21E3B1}.Release|x86.ActiveCfg = Release|Any CPU
	EndGlobalSection
	GlobalSection(SolutionProperties) = preSolution
		HideSolutionNode = FALSE
	EndGlobalSection
EndGlobal
